# This file is generated by running "yarn install" inside your project.
# Manual changes might be lost - proceed with caution!

__metadata:
  version: 8
  cacheKey: 10c0

"@alloc/quick-lru@npm:^5.2.0":
  version: 5.2.0
  resolution: "@alloc/quick-lru@npm:5.2.0"
  checksum: 10c0/7b878c48b9d25277d0e1a9b8b2f2312a314af806b4129dc902f2bc29ab09b58236e53964689feec187b28c80d2203aff03829754773a707a8a5987f1b7682d92
  languageName: node
  linkType: hard

"@emnapi/runtime@npm:^1.2.0":
  version: 1.3.1
  resolution: "@emnapi/runtime@npm:1.3.1"
  dependencies:
    tslib: "npm:^2.4.0"
  checksum: 10c0/060ffede50f1b619c15083312b80a9e62a5b0c87aa8c1b54854c49766c9d69f8d1d3d87bd963a647071263a320db41b25eaa50b74d6a80dcc763c23dbeaafd6c
  languageName: node
  linkType: hard

"@floating-ui/core@npm:^1.6.0":
  version: 1.6.9
  resolution: "@floating-ui/core@npm:1.6.9"
  dependencies:
    "@floating-ui/utils": "npm:^0.2.9"
  checksum: 10c0/77debdfc26bc36c6f5ae1f26ab3c15468215738b3f5682af4e1915602fa21ba33ad210273f31c9d2da1c531409929e1afb1138b1608c6b54a0f5853ee84c340d
  languageName: node
  linkType: hard

"@floating-ui/dom@npm:^1.0.0":
  version: 1.6.13
  resolution: "@floating-ui/dom@npm:1.6.13"
  dependencies:
    "@floating-ui/core": "npm:^1.6.0"
    "@floating-ui/utils": "npm:^0.2.9"
  checksum: 10c0/272242d2eb6238ffcee0cb1f3c66e0eafae804d5d7b449db5ecf904bc37d31ad96cf575a9e650b93c1190f64f49a684b1559d10e05ed3ec210628b19116991a9
  languageName: node
  linkType: hard

"@floating-ui/react-dom@npm:^2.1.2":
  version: 2.1.2
  resolution: "@floating-ui/react-dom@npm:2.1.2"
  dependencies:
    "@floating-ui/dom": "npm:^1.0.0"
  peerDependencies:
    react: ">=16.8.0"
    react-dom: ">=16.8.0"
  checksum: 10c0/e855131c74e68cab505f7f44f92cd4e2efab1c125796db3116c54c0859323adae4bf697bf292ee83ac77b9335a41ad67852193d7aeace90aa2e1c4a640cafa60
  languageName: node
  linkType: hard

"@floating-ui/react@npm:^0.26.16":
  version: 0.26.28
  resolution: "@floating-ui/react@npm:0.26.28"
  dependencies:
    "@floating-ui/react-dom": "npm:^2.1.2"
    "@floating-ui/utils": "npm:^0.2.8"
    tabbable: "npm:^6.0.0"
  peerDependencies:
    react: ">=16.8.0"
    react-dom: ">=16.8.0"
  checksum: 10c0/a42df129e1e976fe8ba3f4c8efdda265a0196c1b66b83f2b9b27423d08dcc765406f893aeff9d830e70e3f14a9d4c490867eb4c32983317cbaa33863b0fae6f6
  languageName: node
  linkType: hard

"@floating-ui/utils@npm:^0.2.8, @floating-ui/utils@npm:^0.2.9":
  version: 0.2.9
  resolution: "@floating-ui/utils@npm:0.2.9"
  checksum: 10c0/48bbed10f91cb7863a796cc0d0e917c78d11aeb89f98d03fc38d79e7eb792224a79f538ed8a2d5d5584511d4ca6354ef35f1712659fd569868e342df4398ad6f
  languageName: node
  linkType: hard

"@headlessui/react@npm:2.2.0":
  version: 2.2.0
  resolution: "@headlessui/react@npm:2.2.0"
  dependencies:
    "@floating-ui/react": "npm:^0.26.16"
    "@react-aria/focus": "npm:^3.17.1"
    "@react-aria/interactions": "npm:^3.21.3"
    "@tanstack/react-virtual": "npm:^3.8.1"
  peerDependencies:
    react: ^18 || ^19 || ^19.0.0-rc
    react-dom: ^18 || ^19 || ^19.0.0-rc
  checksum: 10c0/af64ef2868405e629f55925d06ab6723b40a9d0802c1bd91e8ae834b6d50e51e0942bcdee44f4b51ce3b82be7c23df49e93713a29486a899d0d56b7ddce78039
  languageName: node
  linkType: hard

"@img/sharp-darwin-arm64@npm:0.33.5":
  version: 0.33.5
  resolution: "@img/sharp-darwin-arm64@npm:0.33.5"
  dependencies:
    "@img/sharp-libvips-darwin-arm64": "npm:1.0.4"
  dependenciesMeta:
    "@img/sharp-libvips-darwin-arm64":
      optional: true
  conditions: os=darwin & cpu=arm64
  languageName: node
  linkType: hard

"@img/sharp-darwin-x64@npm:0.33.5":
  version: 0.33.5
  resolution: "@img/sharp-darwin-x64@npm:0.33.5"
  dependencies:
    "@img/sharp-libvips-darwin-x64": "npm:1.0.4"
  dependenciesMeta:
    "@img/sharp-libvips-darwin-x64":
      optional: true
  conditions: os=darwin & cpu=x64
  languageName: node
  linkType: hard

"@img/sharp-libvips-darwin-arm64@npm:1.0.4":
  version: 1.0.4
  resolution: "@img/sharp-libvips-darwin-arm64@npm:1.0.4"
  conditions: os=darwin & cpu=arm64
  languageName: node
  linkType: hard

"@img/sharp-libvips-darwin-x64@npm:1.0.4":
  version: 1.0.4
  resolution: "@img/sharp-libvips-darwin-x64@npm:1.0.4"
  conditions: os=darwin & cpu=x64
  languageName: node
  linkType: hard

"@img/sharp-libvips-linux-arm64@npm:1.0.4":
  version: 1.0.4
  resolution: "@img/sharp-libvips-linux-arm64@npm:1.0.4"
  conditions: os=linux & cpu=arm64 & libc=glibc
  languageName: node
  linkType: hard

"@img/sharp-libvips-linux-arm@npm:1.0.5":
  version: 1.0.5
  resolution: "@img/sharp-libvips-linux-arm@npm:1.0.5"
  conditions: os=linux & cpu=arm & libc=glibc
  languageName: node
  linkType: hard

"@img/sharp-libvips-linux-s390x@npm:1.0.4":
  version: 1.0.4
  resolution: "@img/sharp-libvips-linux-s390x@npm:1.0.4"
  conditions: os=linux & cpu=s390x & libc=glibc
  languageName: node
  linkType: hard

"@img/sharp-libvips-linux-x64@npm:1.0.4":
  version: 1.0.4
  resolution: "@img/sharp-libvips-linux-x64@npm:1.0.4"
  conditions: os=linux & cpu=x64 & libc=glibc
  languageName: node
  linkType: hard

"@img/sharp-libvips-linuxmusl-arm64@npm:1.0.4":
  version: 1.0.4
  resolution: "@img/sharp-libvips-linuxmusl-arm64@npm:1.0.4"
  conditions: os=linux & cpu=arm64 & libc=musl
  languageName: node
  linkType: hard

"@img/sharp-libvips-linuxmusl-x64@npm:1.0.4":
  version: 1.0.4
  resolution: "@img/sharp-libvips-linuxmusl-x64@npm:1.0.4"
  conditions: os=linux & cpu=x64 & libc=musl
  languageName: node
  linkType: hard

"@img/sharp-linux-arm64@npm:0.33.5":
  version: 0.33.5
  resolution: "@img/sharp-linux-arm64@npm:0.33.5"
  dependencies:
    "@img/sharp-libvips-linux-arm64": "npm:1.0.4"
  dependenciesMeta:
    "@img/sharp-libvips-linux-arm64":
      optional: true
  conditions: os=linux & cpu=arm64 & libc=glibc
  languageName: node
  linkType: hard

"@img/sharp-linux-arm@npm:0.33.5":
  version: 0.33.5
  resolution: "@img/sharp-linux-arm@npm:0.33.5"
  dependencies:
    "@img/sharp-libvips-linux-arm": "npm:1.0.5"
  dependenciesMeta:
    "@img/sharp-libvips-linux-arm":
      optional: true
  conditions: os=linux & cpu=arm & libc=glibc
  languageName: node
  linkType: hard

"@img/sharp-linux-s390x@npm:0.33.5":
  version: 0.33.5
  resolution: "@img/sharp-linux-s390x@npm:0.33.5"
  dependencies:
    "@img/sharp-libvips-linux-s390x": "npm:1.0.4"
  dependenciesMeta:
    "@img/sharp-libvips-linux-s390x":
      optional: true
  conditions: os=linux & cpu=s390x & libc=glibc
  languageName: node
  linkType: hard

"@img/sharp-linux-x64@npm:0.33.5":
  version: 0.33.5
  resolution: "@img/sharp-linux-x64@npm:0.33.5"
  dependencies:
    "@img/sharp-libvips-linux-x64": "npm:1.0.4"
  dependenciesMeta:
    "@img/sharp-libvips-linux-x64":
      optional: true
  conditions: os=linux & cpu=x64 & libc=glibc
  languageName: node
  linkType: hard

"@img/sharp-linuxmusl-arm64@npm:0.33.5":
  version: 0.33.5
  resolution: "@img/sharp-linuxmusl-arm64@npm:0.33.5"
  dependencies:
    "@img/sharp-libvips-linuxmusl-arm64": "npm:1.0.4"
  dependenciesMeta:
    "@img/sharp-libvips-linuxmusl-arm64":
      optional: true
  conditions: os=linux & cpu=arm64 & libc=musl
  languageName: node
  linkType: hard

"@img/sharp-linuxmusl-x64@npm:0.33.5":
  version: 0.33.5
  resolution: "@img/sharp-linuxmusl-x64@npm:0.33.5"
  dependencies:
    "@img/sharp-libvips-linuxmusl-x64": "npm:1.0.4"
  dependenciesMeta:
    "@img/sharp-libvips-linuxmusl-x64":
      optional: true
  conditions: os=linux & cpu=x64 & libc=musl
  languageName: node
  linkType: hard

"@img/sharp-wasm32@npm:0.33.5":
  version: 0.33.5
  resolution: "@img/sharp-wasm32@npm:0.33.5"
  dependencies:
    "@emnapi/runtime": "npm:^1.2.0"
  conditions: cpu=wasm32
  languageName: node
  linkType: hard

"@img/sharp-win32-ia32@npm:0.33.5":
  version: 0.33.5
  resolution: "@img/sharp-win32-ia32@npm:0.33.5"
  conditions: os=win32 & cpu=ia32
  languageName: node
  linkType: hard

"@img/sharp-win32-x64@npm:0.33.5":
  version: 0.33.5
  resolution: "@img/sharp-win32-x64@npm:0.33.5"
  conditions: os=win32 & cpu=x64
  languageName: node
  linkType: hard

"@next/env@npm:15.1.7":
  version: 15.1.7
  resolution: "@next/env@npm:15.1.7"
  checksum: 10c0/ad7761078552d8c88fe3c87224a3761d1bca82a15c747f417f561f92a4521898f227e3e7d2e8e65227a5ac8364ea8a2351c1febec5b5aa2ac1dcf016dd065edd
  languageName: node
  linkType: hard

"@next/swc-darwin-arm64@npm:15.1.7":
  version: 15.1.7
  resolution: "@next/swc-darwin-arm64@npm:15.1.7"
  conditions: os=darwin & cpu=arm64
  languageName: node
  linkType: hard

"@next/swc-darwin-x64@npm:15.1.7":
  version: 15.1.7
  resolution: "@next/swc-darwin-x64@npm:15.1.7"
  conditions: os=darwin & cpu=x64
  languageName: node
  linkType: hard

"@next/swc-linux-arm64-gnu@npm:15.1.7":
  version: 15.1.7
  resolution: "@next/swc-linux-arm64-gnu@npm:15.1.7"
  conditions: os=linux & cpu=arm64 & libc=glibc
  languageName: node
  linkType: hard

"@next/swc-linux-arm64-musl@npm:15.1.7":
  version: 15.1.7
  resolution: "@next/swc-linux-arm64-musl@npm:15.1.7"
  conditions: os=linux & cpu=arm64 & libc=musl
  languageName: node
  linkType: hard

"@next/swc-linux-x64-gnu@npm:15.1.7":
  version: 15.1.7
  resolution: "@next/swc-linux-x64-gnu@npm:15.1.7"
  conditions: os=linux & cpu=x64 & libc=glibc
  languageName: node
  linkType: hard

"@next/swc-linux-x64-musl@npm:15.1.7":
  version: 15.1.7
  resolution: "@next/swc-linux-x64-musl@npm:15.1.7"
  conditions: os=linux & cpu=x64 & libc=musl
  languageName: node
  linkType: hard

"@next/swc-win32-arm64-msvc@npm:15.1.7":
  version: 15.1.7
  resolution: "@next/swc-win32-arm64-msvc@npm:15.1.7"
  conditions: os=win32 & cpu=arm64
  languageName: node
  linkType: hard

"@next/swc-win32-x64-msvc@npm:15.1.7":
  version: 15.1.7
  resolution: "@next/swc-win32-x64-msvc@npm:15.1.7"
  conditions: os=win32 & cpu=x64
  languageName: node
  linkType: hard

"@react-aria/focus@npm:^3.17.1":
  version: 3.19.1
  resolution: "@react-aria/focus@npm:3.19.1"
  dependencies:
    "@react-aria/interactions": "npm:^3.23.0"
    "@react-aria/utils": "npm:^3.27.0"
    "@react-types/shared": "npm:^3.27.0"
    "@swc/helpers": "npm:^0.5.0"
    clsx: "npm:^2.0.0"
  peerDependencies:
    react: ^16.8.0 || ^17.0.0-rc.1 || ^18.0.0 || ^19.0.0-rc.1
    react-dom: ^16.8.0 || ^17.0.0-rc.1 || ^18.0.0 || ^19.0.0-rc.1
  checksum: 10c0/3cc0c971dea11a187cbda3ff35b43a8f6d85d1b889c70dc3ffd4ede3aaa0d6038809f868be95f23d84c04c4738ec654bf97fb8de501f2ee0765e1e5ba1482102
  languageName: node
  linkType: hard

"@react-aria/interactions@npm:^3.21.3, @react-aria/interactions@npm:^3.23.0":
  version: 3.23.0
  resolution: "@react-aria/interactions@npm:3.23.0"
  dependencies:
    "@react-aria/ssr": "npm:^3.9.7"
    "@react-aria/utils": "npm:^3.27.0"
    "@react-types/shared": "npm:^3.27.0"
    "@swc/helpers": "npm:^0.5.0"
  peerDependencies:
    react: ^16.8.0 || ^17.0.0-rc.1 || ^18.0.0 || ^19.0.0-rc.1
    react-dom: ^16.8.0 || ^17.0.0-rc.1 || ^18.0.0 || ^19.0.0-rc.1
  checksum: 10c0/913c6e0c585a8a58af4efc6c5081093b1588d12e92e5f072471481e64c8690f16f233ee41765e79956c7f83400c17e6e1da7e82437581e393a3344d691177891
  languageName: node
  linkType: hard

"@react-aria/ssr@npm:^3.9.7":
  version: 3.9.7
  resolution: "@react-aria/ssr@npm:3.9.7"
  dependencies:
    "@swc/helpers": "npm:^0.5.0"
  peerDependencies:
    react: ^16.8.0 || ^17.0.0-rc.1 || ^18.0.0 || ^19.0.0-rc.1
  checksum: 10c0/37168cd81b1e8223aedb906c1333381f3c436dadf58cbd675606ced314605ce5c49eee5c831309648bfbab78a8598c344be636a85962c742ebf11ae7e87ee93e
  languageName: node
  linkType: hard

"@react-aria/utils@npm:^3.27.0":
  version: 3.27.0
  resolution: "@react-aria/utils@npm:3.27.0"
  dependencies:
    "@react-aria/ssr": "npm:^3.9.7"
    "@react-stately/utils": "npm:^3.10.5"
    "@react-types/shared": "npm:^3.27.0"
    "@swc/helpers": "npm:^0.5.0"
    clsx: "npm:^2.0.0"
  peerDependencies:
    react: ^16.8.0 || ^17.0.0-rc.1 || ^18.0.0 || ^19.0.0-rc.1
    react-dom: ^16.8.0 || ^17.0.0-rc.1 || ^18.0.0 || ^19.0.0-rc.1
  checksum: 10c0/28f12eb6e416567244ffa88a91392d10a719b68fb6e5f14871aa934c163ab36aa70f79ba3fda46d8eb9dd047c0fa2af7fd08e9d05eefde2395ebbe3c260d63da
  languageName: node
  linkType: hard

"@react-stately/utils@npm:^3.10.5":
  version: 3.10.5
  resolution: "@react-stately/utils@npm:3.10.5"
  dependencies:
    "@swc/helpers": "npm:^0.5.0"
  peerDependencies:
    react: ^16.8.0 || ^17.0.0-rc.1 || ^18.0.0 || ^19.0.0-rc.1
  checksum: 10c0/188500fef26361515d1a6c506ad347f68c82a1d61a13a09109080966a195e1cf97686991143e0d5684fd0b1a3c6a0a1e0149c92c0665bcc34c2026cd9730af1c
  languageName: node
  linkType: hard

"@react-types/shared@npm:^3.27.0":
  version: 3.27.0
  resolution: "@react-types/shared@npm:3.27.0"
  peerDependencies:
    react: ^16.8.0 || ^17.0.0-rc.1 || ^18.0.0 || ^19.0.0-rc.1
  checksum: 10c0/7d710d776dcb6a832d3dc5ec281a81cd00a5b5aec1ecfcf7799c73bdb62c8739e574e29dafe04f7710a0ea568e4e11621091658a9c73d3191e1b0f5f3ff21f95
  languageName: node
  linkType: hard

"@swc/counter@npm:0.1.3":
  version: 0.1.3
  resolution: "@swc/counter@npm:0.1.3"
  checksum: 10c0/8424f60f6bf8694cfd2a9bca45845bce29f26105cda8cf19cdb9fd3e78dc6338699e4db77a89ae449260bafa1cc6bec307e81e7fb96dbf7dcfce0eea55151356
  languageName: node
  linkType: hard

"@swc/helpers@npm:0.5.15, @swc/helpers@npm:^0.5.0":
  version: 0.5.15
  resolution: "@swc/helpers@npm:0.5.15"
  dependencies:
    tslib: "npm:^2.8.0"
  checksum: 10c0/33002f74f6f885f04c132960835fdfc474186983ea567606db62e86acd0680ca82f34647e8e610f4e1e422d1c16fce729dde22cd3b797ab1fd9061a825dabca4
  languageName: node
  linkType: hard

"@tailwindcss/node@npm:4.0.8":
  version: 4.0.8
  resolution: "@tailwindcss/node@npm:4.0.8"
  dependencies:
    enhanced-resolve: "npm:^5.18.1"
    jiti: "npm:^2.4.2"
    tailwindcss: "npm:4.0.8"
  checksum: 10c0/d03e5c8ea15ea30793437816785aa8b9171f9321a67fe344207276617165d9501f9c7498aef53b501813cf0e27088c153db759b015d0dc5a29b2272884550871
  languageName: node
  linkType: hard

"@tailwindcss/oxide-android-arm64@npm:4.0.8":
  version: 4.0.8
  resolution: "@tailwindcss/oxide-android-arm64@npm:4.0.8"
  conditions: os=android & cpu=arm64
  languageName: node
  linkType: hard

"@tailwindcss/oxide-darwin-arm64@npm:4.0.8":
  version: 4.0.8
  resolution: "@tailwindcss/oxide-darwin-arm64@npm:4.0.8"
  conditions: os=darwin & cpu=arm64
  languageName: node
  linkType: hard

"@tailwindcss/oxide-darwin-x64@npm:4.0.8":
  version: 4.0.8
  resolution: "@tailwindcss/oxide-darwin-x64@npm:4.0.8"
  conditions: os=darwin & cpu=x64
  languageName: node
  linkType: hard

"@tailwindcss/oxide-freebsd-x64@npm:4.0.8":
  version: 4.0.8
  resolution: "@tailwindcss/oxide-freebsd-x64@npm:4.0.8"
  conditions: os=freebsd & cpu=x64
  languageName: node
  linkType: hard

"@tailwindcss/oxide-linux-arm-gnueabihf@npm:4.0.8":
  version: 4.0.8
  resolution: "@tailwindcss/oxide-linux-arm-gnueabihf@npm:4.0.8"
  conditions: os=linux & cpu=arm
  languageName: node
  linkType: hard

"@tailwindcss/oxide-linux-arm64-gnu@npm:4.0.8":
  version: 4.0.8
  resolution: "@tailwindcss/oxide-linux-arm64-gnu@npm:4.0.8"
  conditions: os=linux & cpu=arm64 & libc=glibc
  languageName: node
  linkType: hard

"@tailwindcss/oxide-linux-arm64-musl@npm:4.0.8":
  version: 4.0.8
  resolution: "@tailwindcss/oxide-linux-arm64-musl@npm:4.0.8"
  conditions: os=linux & cpu=arm64 & libc=musl
  languageName: node
  linkType: hard

"@tailwindcss/oxide-linux-x64-gnu@npm:4.0.8":
  version: 4.0.8
  resolution: "@tailwindcss/oxide-linux-x64-gnu@npm:4.0.8"
  conditions: os=linux & cpu=x64 & libc=glibc
  languageName: node
  linkType: hard

"@tailwindcss/oxide-linux-x64-musl@npm:4.0.8":
  version: 4.0.8
  resolution: "@tailwindcss/oxide-linux-x64-musl@npm:4.0.8"
  conditions: os=linux & cpu=x64 & libc=musl
  languageName: node
  linkType: hard

"@tailwindcss/oxide-win32-arm64-msvc@npm:4.0.8":
  version: 4.0.8
  resolution: "@tailwindcss/oxide-win32-arm64-msvc@npm:4.0.8"
  conditions: os=win32 & cpu=arm64
  languageName: node
  linkType: hard

"@tailwindcss/oxide-win32-x64-msvc@npm:4.0.8":
  version: 4.0.8
  resolution: "@tailwindcss/oxide-win32-x64-msvc@npm:4.0.8"
  conditions: os=win32 & cpu=x64
  languageName: node
  linkType: hard

"@tailwindcss/oxide@npm:4.0.8":
  version: 4.0.8
  resolution: "@tailwindcss/oxide@npm:4.0.8"
  dependencies:
    "@tailwindcss/oxide-android-arm64": "npm:4.0.8"
    "@tailwindcss/oxide-darwin-arm64": "npm:4.0.8"
    "@tailwindcss/oxide-darwin-x64": "npm:4.0.8"
    "@tailwindcss/oxide-freebsd-x64": "npm:4.0.8"
    "@tailwindcss/oxide-linux-arm-gnueabihf": "npm:4.0.8"
    "@tailwindcss/oxide-linux-arm64-gnu": "npm:4.0.8"
    "@tailwindcss/oxide-linux-arm64-musl": "npm:4.0.8"
    "@tailwindcss/oxide-linux-x64-gnu": "npm:4.0.8"
    "@tailwindcss/oxide-linux-x64-musl": "npm:4.0.8"
    "@tailwindcss/oxide-win32-arm64-msvc": "npm:4.0.8"
    "@tailwindcss/oxide-win32-x64-msvc": "npm:4.0.8"
  dependenciesMeta:
    "@tailwindcss/oxide-android-arm64":
      optional: true
    "@tailwindcss/oxide-darwin-arm64":
      optional: true
    "@tailwindcss/oxide-darwin-x64":
      optional: true
    "@tailwindcss/oxide-freebsd-x64":
      optional: true
    "@tailwindcss/oxide-linux-arm-gnueabihf":
      optional: true
    "@tailwindcss/oxide-linux-arm64-gnu":
      optional: true
    "@tailwindcss/oxide-linux-arm64-musl":
      optional: true
    "@tailwindcss/oxide-linux-x64-gnu":
      optional: true
    "@tailwindcss/oxide-linux-x64-musl":
      optional: true
    "@tailwindcss/oxide-win32-arm64-msvc":
      optional: true
    "@tailwindcss/oxide-win32-x64-msvc":
      optional: true
  checksum: 10c0/7033d4d9cb7dce0e31f293d40a1324e5c55a2dacdb72082e1904f9b80dfeae105105d3f81b3c0b0a2767966a43b16ea49f963bead292d6a31da6b5133f761d4b
  languageName: node
  linkType: hard

"@tailwindcss/postcss@npm:4.0.8":
  version: 4.0.8
  resolution: "@tailwindcss/postcss@npm:4.0.8"
  dependencies:
    "@alloc/quick-lru": "npm:^5.2.0"
    "@tailwindcss/node": "npm:4.0.8"
    "@tailwindcss/oxide": "npm:4.0.8"
    lightningcss: "npm:^1.29.1"
    postcss: "npm:^8.4.41"
    tailwindcss: "npm:4.0.8"
  checksum: 10c0/407cb6cba1035eafd4bb409cae7a13781b2d5b11e7d50b24f54c2141f1a935360b0d2f6c84e6543c5d23a724367ab01b49ea8a4ba49471b961cdde8325ff4a3c
  languageName: node
  linkType: hard

"@tanstack/react-virtual@npm:^3.8.1":
  version: 3.13.0
  resolution: "@tanstack/react-virtual@npm:3.13.0"
  dependencies:
    "@tanstack/virtual-core": "npm:3.13.0"
  peerDependencies:
    react: ^16.8.0 || ^17.0.0 || ^18.0.0 || ^19.0.0
    react-dom: ^16.8.0 || ^17.0.0 || ^18.0.0 || ^19.0.0
  checksum: 10c0/89eaf76294be3cfe294304859db2b0f7364a9bf8934849e42cb8ef08435dfb28f5504d57b08b30426a811f127f8f6320ec6c14aa7fcd304bde4fbfeaef04bc36
  languageName: node
  linkType: hard

"@tanstack/virtual-core@npm:3.13.0":
  version: 3.13.0
  resolution: "@tanstack/virtual-core@npm:3.13.0"
  checksum: 10c0/88ff5fbd59b449e2ec2cafa9cac1ea6f449d84a593fb869ad9e8a467813e9060d4065517c5657c2de765c165453bb336751641cf670cb27143d51791bbfedc3a
  languageName: node
  linkType: hard

"@types/lodash@npm:4.17.13":
  version: 4.17.13
  resolution: "@types/lodash@npm:4.17.13"
  checksum: 10c0/c3d0b7efe7933ac0369b99f2f7bff9240d960680fdb74b41ed4bd1b3ca60cca1e31fe4046d9abbde778f941a41bc2a75eb629abf8659fa6c27b66efbbb0802a9
  languageName: node
  linkType: hard

"@types/node@npm:22.13.5":
  version: 22.13.5
  resolution: "@types/node@npm:22.13.5"
  dependencies:
    undici-types: "npm:~6.20.0"
  checksum: 10c0/a2e7ed7bb0690e439004779baedeb05159c5cc41ef6d81c7a6ebea5303fde4033669e1c0e41ff7453b45fd2fea8dbd55fddfcd052950c7fcae3167c970bca725
  languageName: node
  linkType: hard

"@types/pako@npm:2.0.3":
  version: 2.0.3
  resolution: "@types/pako@npm:2.0.3"
  checksum: 10c0/45119ac3c4e8a77317c35493327039b74e333562f06ce038048228918d8ddfaa7958125aab960d1565b3861046022754c414dba1eecb210c44a32c415956bee2
  languageName: node
  linkType: hard

"@types/react-dom@npm:19.0.4":
  version: 19.0.4
  resolution: "@types/react-dom@npm:19.0.4"
  peerDependencies:
    "@types/react": ^19.0.0
  checksum: 10c0/4e71853919b94df9e746a4bd73f8180e9ae13016333ce9c543dcba9f4f4c8fe6e28b038ca6ee61c24e291af8e03ca3bc5ded17c46dee938fcb32d71186fda7a3
  languageName: node
  linkType: hard

"@types/react@npm:19.0.10":
  version: 19.0.10
  resolution: "@types/react@npm:19.0.10"
  dependencies:
    csstype: "npm:^3.0.2"
  checksum: 10c0/41884cca21850c8b2d6578b172ca0ca4fff6021251a68532b19f2031ac23dc5a9222470208065f8d9985d367376047df2f49ece8d927f7d04cdc94922b1eb34b
  languageName: node
  linkType: hard

"busboy@npm:1.6.0":
  version: 1.6.0
  resolution: "busboy@npm:1.6.0"
  dependencies:
    streamsearch: "npm:^1.1.0"
  checksum: 10c0/fa7e836a2b82699b6e074393428b91ae579d4f9e21f5ac468e1b459a244341d722d2d22d10920cdd849743dbece6dca11d72de939fb75a7448825cf2babfba1f
  languageName: node
  linkType: hard

"caniuse-lite@npm:^1.0.30001579":
  version: 1.0.30001700
  resolution: "caniuse-lite@npm:1.0.30001700"
  checksum: 10c0/3d391bcdd193208166d3ad759de240b9c18ac3759dbd57195770f0fcd2eedcd47d5e853609aba1eee5a2def44b0a14eee457796bdb3451a27de0c8b27355017c
  languageName: node
  linkType: hard

"client-only@npm:0.0.1":
  version: 0.0.1
  resolution: "client-only@npm:0.0.1"
  checksum: 10c0/9d6cfd0c19e1c96a434605added99dff48482152af791ec4172fb912a71cff9027ff174efd8cdb2160cc7f377543e0537ffc462d4f279bc4701de3f2a3c4b358
  languageName: node
  linkType: hard

"clsx@npm:2.1.1, clsx@npm:^2.0.0":
  version: 2.1.1
  resolution: "clsx@npm:2.1.1"
  checksum: 10c0/c4c8eb865f8c82baab07e71bfa8897c73454881c4f99d6bc81585aecd7c441746c1399d08363dc096c550cceaf97bd4ce1e8854e1771e9998d9f94c4fe075839
  languageName: node
  linkType: hard

"color-convert@npm:^2.0.1":
  version: 2.0.1
  resolution: "color-convert@npm:2.0.1"
  dependencies:
    color-name: "npm:~1.1.4"
  checksum: 10c0/37e1150172f2e311fe1b2df62c6293a342ee7380da7b9cfdba67ea539909afbd74da27033208d01d6d5cfc65ee7868a22e18d7e7648e004425441c0f8a15a7d7
  languageName: node
  linkType: hard

"color-name@npm:^1.0.0, color-name@npm:~1.1.4":
  version: 1.1.4
  resolution: "color-name@npm:1.1.4"
  checksum: 10c0/a1a3f914156960902f46f7f56bc62effc6c94e84b2cae157a526b1c1f74b677a47ec602bf68a61abfa2b42d15b7c5651c6dbe72a43af720bc588dff885b10f95
  languageName: node
  linkType: hard

"color-string@npm:^1.9.0":
  version: 1.9.1
  resolution: "color-string@npm:1.9.1"
  dependencies:
    color-name: "npm:^1.0.0"
    simple-swizzle: "npm:^0.2.2"
  checksum: 10c0/b0bfd74c03b1f837f543898b512f5ea353f71630ccdd0d66f83028d1f0924a7d4272deb278b9aef376cacf1289b522ac3fb175e99895283645a2dc3a33af2404
  languageName: node
  linkType: hard

"color@npm:^4.2.3":
  version: 4.2.3
  resolution: "color@npm:4.2.3"
  dependencies:
    color-convert: "npm:^2.0.1"
    color-string: "npm:^1.9.0"
  checksum: 10c0/7fbe7cfb811054c808349de19fb380252e5e34e61d7d168ec3353e9e9aacb1802674bddc657682e4e9730c2786592a4de6f8283e7e0d3870b829bb0b7b2f6118
  languageName: node
  linkType: hard

"csstype@npm:^3.0.2":
  version: 3.1.3
  resolution: "csstype@npm:3.1.3"
  checksum: 10c0/80c089d6f7e0c5b2bd83cf0539ab41474198579584fa10d86d0cafe0642202343cbc119e076a0b1aece191989477081415d66c9fefbf3c957fc2fc4b7009f248
  languageName: node
  linkType: hard

"detect-libc@npm:^1.0.3":
  version: 1.0.3
  resolution: "detect-libc@npm:1.0.3"
  bin:
    detect-libc: ./bin/detect-libc.js
  checksum: 10c0/4da0deae9f69e13bc37a0902d78bf7169480004b1fed3c19722d56cff578d16f0e11633b7fbf5fb6249181236c72e90024cbd68f0b9558ae06e281f47326d50d
  languageName: node
  linkType: hard

"detect-libc@npm:^2.0.3":
  version: 2.0.3
  resolution: "detect-libc@npm:2.0.3"
  checksum: 10c0/88095bda8f90220c95f162bf92cad70bd0e424913e655c20578600e35b91edc261af27531cf160a331e185c0ced93944bc7e09939143225f56312d7fd800fdb7
  languageName: node
  linkType: hard

"enhanced-resolve@npm:^5.18.1":
  version: 5.18.1
  resolution: "enhanced-resolve@npm:5.18.1"
  dependencies:
    graceful-fs: "npm:^4.2.4"
    tapable: "npm:^2.2.0"
  checksum: 10c0/4cffd9b125225184e2abed9fdf0ed3dbd2224c873b165d0838fd066cde32e0918626cba2f1f4bf6860762f13a7e2364fd89a82b99566be2873d813573ac71846
  languageName: node
  linkType: hard

"f1-dash@workspace:.":
  version: 0.0.0-use.local
  resolution: "f1-dash@workspace:."
  dependencies:
    "@headlessui/react": "npm:2.2.0"
    "@tailwindcss/postcss": "npm:4.0.8"
    "@types/lodash": "npm:4.17.13"
    "@types/node": "npm:22.13.5"
    "@types/pako": "npm:2.0.3"
    "@types/react": "npm:19.0.10"
    "@types/react-dom": "npm:19.0.4"
    clsx: "npm:2.1.1"
    geist: "npm:1.3.1"
    moment: "npm:2.30.1"
    motion: "npm:12.4.7"
    next: "npm:15.1.7"
    pako: "npm:2.1.0"
    postcss: "npm:8.4.49"
    prettier: "npm:3.3.3"
    prettier-plugin-tailwindcss: "npm:0.6.11"
    react: "npm:19.0.0"
    react-dom: "npm:19.0.0"
    sharp: "npm:0.33.5"
    tailwindcss: "npm:4.0.8"
    typescript: "npm:5.6.3"
    zod: "npm:3.23.8"
    zustand: "npm:5.0.1"
  languageName: unknown
  linkType: soft

"framer-motion@npm:^12.4.7":
  version: 12.4.7
  resolution: "framer-motion@npm:12.4.7"
  dependencies:
    motion-dom: "npm:^12.4.5"
    motion-utils: "npm:^12.0.0"
    tslib: "npm:^2.4.0"
  peerDependencies:
    "@emotion/is-prop-valid": "*"
    react: ^18.0.0 || ^19.0.0
    react-dom: ^18.0.0 || ^19.0.0
  peerDependenciesMeta:
    "@emotion/is-prop-valid":
      optional: true
    react:
      optional: true
    react-dom:
      optional: true
  checksum: 10c0/746b6a82f7c1a663341008241065a44370c02f563e57724ed7147f888c12b5df389e95ccda851195e2da24075daf5124ce00ee5e838b60bc9da56e1421cea86c
  languageName: node
  linkType: hard

"geist@npm:1.3.1":
  version: 1.3.1
  resolution: "geist@npm:1.3.1"
  peerDependencies:
    next: ">=13.2.0"
  checksum: 10c0/cb282224d0228656b74bd5df3e49132c87b099d5cfaee7304d28acc53941116a452954bc64ed921b6b2810a9e299f9738ee68a3667f5b9f3f6c7c4df967b3a42
  languageName: node
  linkType: hard

"graceful-fs@npm:^4.2.4":
  version: 4.2.11
  resolution: "graceful-fs@npm:4.2.11"
  checksum: 10c0/386d011a553e02bc594ac2ca0bd6d9e4c22d7fa8cfbfc448a6d148c59ea881b092db9dbe3547ae4b88e55f1b01f7c4a2ecc53b310c042793e63aa44cf6c257f2
  languageName: node
  linkType: hard

"is-arrayish@npm:^0.3.1":
  version: 0.3.2
  resolution: "is-arrayish@npm:0.3.2"
  checksum: 10c0/f59b43dc1d129edb6f0e282595e56477f98c40278a2acdc8b0a5c57097c9eff8fe55470493df5775478cf32a4dc8eaf6d3a749f07ceee5bc263a78b2434f6a54
  languageName: node
  linkType: hard

"jiti@npm:^2.4.2":
  version: 2.4.2
  resolution: "jiti@npm:2.4.2"
  bin:
    jiti: lib/jiti-cli.mjs
  checksum: 10c0/4ceac133a08c8faff7eac84aabb917e85e8257f5ad659e843004ce76e981c457c390a220881748ac67ba1b940b9b729b30fb85cbaf6e7989f04b6002c94da331
  languageName: node
  linkType: hard

"lightningcss-darwin-arm64@npm:1.29.1":
  version: 1.29.1
  resolution: "lightningcss-darwin-arm64@npm:1.29.1"
  conditions: os=darwin & cpu=arm64
  languageName: node
  linkType: hard

"lightningcss-darwin-x64@npm:1.29.1":
  version: 1.29.1
  resolution: "lightningcss-darwin-x64@npm:1.29.1"
  conditions: os=darwin & cpu=x64
  languageName: node
  linkType: hard

"lightningcss-freebsd-x64@npm:1.29.1":
  version: 1.29.1
  resolution: "lightningcss-freebsd-x64@npm:1.29.1"
  conditions: os=freebsd & cpu=x64
  languageName: node
  linkType: hard

"lightningcss-linux-arm-gnueabihf@npm:1.29.1":
  version: 1.29.1
  resolution: "lightningcss-linux-arm-gnueabihf@npm:1.29.1"
  conditions: os=linux & cpu=arm
  languageName: node
  linkType: hard

"lightningcss-linux-arm64-gnu@npm:1.29.1":
  version: 1.29.1
  resolution: "lightningcss-linux-arm64-gnu@npm:1.29.1"
  conditions: os=linux & cpu=arm64 & libc=glibc
  languageName: node
  linkType: hard

"lightningcss-linux-arm64-musl@npm:1.29.1":
  version: 1.29.1
  resolution: "lightningcss-linux-arm64-musl@npm:1.29.1"
  conditions: os=linux & cpu=arm64 & libc=musl
  languageName: node
  linkType: hard

"lightningcss-linux-x64-gnu@npm:1.29.1":
  version: 1.29.1
  resolution: "lightningcss-linux-x64-gnu@npm:1.29.1"
  conditions: os=linux & cpu=x64 & libc=glibc
  languageName: node
  linkType: hard

"lightningcss-linux-x64-musl@npm:1.29.1":
  version: 1.29.1
  resolution: "lightningcss-linux-x64-musl@npm:1.29.1"
  conditions: os=linux & cpu=x64 & libc=musl
  languageName: node
  linkType: hard

"lightningcss-win32-arm64-msvc@npm:1.29.1":
  version: 1.29.1
  resolution: "lightningcss-win32-arm64-msvc@npm:1.29.1"
  conditions: os=win32 & cpu=arm64
  languageName: node
  linkType: hard

"lightningcss-win32-x64-msvc@npm:1.29.1":
  version: 1.29.1
  resolution: "lightningcss-win32-x64-msvc@npm:1.29.1"
  conditions: os=win32 & cpu=x64
  languageName: node
  linkType: hard

"lightningcss@npm:^1.29.1":
  version: 1.29.1
  resolution: "lightningcss@npm:1.29.1"
  dependencies:
    detect-libc: "npm:^1.0.3"
    lightningcss-darwin-arm64: "npm:1.29.1"
    lightningcss-darwin-x64: "npm:1.29.1"
    lightningcss-freebsd-x64: "npm:1.29.1"
    lightningcss-linux-arm-gnueabihf: "npm:1.29.1"
    lightningcss-linux-arm64-gnu: "npm:1.29.1"
    lightningcss-linux-arm64-musl: "npm:1.29.1"
    lightningcss-linux-x64-gnu: "npm:1.29.1"
    lightningcss-linux-x64-musl: "npm:1.29.1"
    lightningcss-win32-arm64-msvc: "npm:1.29.1"
    lightningcss-win32-x64-msvc: "npm:1.29.1"
  dependenciesMeta:
    lightningcss-darwin-arm64:
      optional: true
    lightningcss-darwin-x64:
      optional: true
    lightningcss-freebsd-x64:
      optional: true
    lightningcss-linux-arm-gnueabihf:
      optional: true
    lightningcss-linux-arm64-gnu:
      optional: true
    lightningcss-linux-arm64-musl:
      optional: true
    lightningcss-linux-x64-gnu:
      optional: true
    lightningcss-linux-x64-musl:
      optional: true
    lightningcss-win32-arm64-msvc:
      optional: true
    lightningcss-win32-x64-msvc:
      optional: true
  checksum: 10c0/c2f421f8fdbdf7e5fe271f12d18ffaf332a11c88094b2bcfb90c56d6a442281c609e23ad56b8974002d61f117e171c967e1fe74ffa458bed810e6c7526cd8c93
  languageName: node
  linkType: hard

"moment@npm:2.30.1":
  version: 2.30.1
  resolution: "moment@npm:2.30.1"
  checksum: 10c0/865e4279418c6de666fca7786607705fd0189d8a7b7624e2e56be99290ac846f90878a6f602e34b4e0455c549b85385b1baf9966845962b313699e7cb847543a
  languageName: node
  linkType: hard

"motion-dom@npm:^12.4.5":
  version: 12.4.5
  resolution: "motion-dom@npm:12.4.5"
  dependencies:
    motion-utils: "npm:^12.0.0"
  checksum: 10c0/2950f3023f09a31d6a86115476d6207f998a64545ea49ff0fddd772d1406b166efca895ab9db9dc87953b3a9154c56aa6df693b52c26ae083b3f665c152f8675
  languageName: node
  linkType: hard

"motion-utils@npm:^12.0.0":
  version: 12.0.0
  resolution: "motion-utils@npm:12.0.0"
  checksum: 10c0/ca6cc7542d00afab011130fcd940e5f5a412b21a4eaeb17c0a497dcb86de311dda90741eeca7de1276cc8c1dff7ac1e6a8df1e8cebb1191a2c43bfe8368dc70b
  languageName: node
  linkType: hard

"motion@npm:12.4.7":
  version: 12.4.7
  resolution: "motion@npm:12.4.7"
  dependencies:
    framer-motion: "npm:^12.4.7"
    tslib: "npm:^2.4.0"
  peerDependencies:
    "@emotion/is-prop-valid": "*"
    react: ^18.0.0 || ^19.0.0
    react-dom: ^18.0.0 || ^19.0.0
  peerDependenciesMeta:
    "@emotion/is-prop-valid":
      optional: true
    react:
      optional: true
    react-dom:
      optional: true
  checksum: 10c0/369b41600b507d12cf963ec686ca297ca843a3908b1526e2de9593b95416dc89d4b446d4cd7a1fe31e2ca06fcfc1237e5f0d52bcd324649040e90ba012760541
  languageName: node
  linkType: hard

"nanoid@npm:^3.3.6, nanoid@npm:^3.3.7, nanoid@npm:^3.3.8":
  version: 3.3.8
  resolution: "nanoid@npm:3.3.8"
  bin:
    nanoid: bin/nanoid.cjs
  checksum: 10c0/4b1bb29f6cfebf3be3bc4ad1f1296fb0a10a3043a79f34fbffe75d1621b4318319211cd420549459018ea3592f0d2f159247a6f874911d6d26eaaadda2478120
  languageName: node
  linkType: hard

"next@npm:15.1.7":
  version: 15.1.7
  resolution: "next@npm:15.1.7"
  dependencies:
    "@next/env": "npm:15.1.7"
    "@next/swc-darwin-arm64": "npm:15.1.7"
    "@next/swc-darwin-x64": "npm:15.1.7"
    "@next/swc-linux-arm64-gnu": "npm:15.1.7"
    "@next/swc-linux-arm64-musl": "npm:15.1.7"
    "@next/swc-linux-x64-gnu": "npm:15.1.7"
    "@next/swc-linux-x64-musl": "npm:15.1.7"
    "@next/swc-win32-arm64-msvc": "npm:15.1.7"
    "@next/swc-win32-x64-msvc": "npm:15.1.7"
    "@swc/counter": "npm:0.1.3"
    "@swc/helpers": "npm:0.5.15"
    busboy: "npm:1.6.0"
    caniuse-lite: "npm:^1.0.30001579"
    postcss: "npm:8.4.31"
    sharp: "npm:^0.33.5"
    styled-jsx: "npm:5.1.6"
  peerDependencies:
    "@opentelemetry/api": ^1.1.0
    "@playwright/test": ^1.41.2
    babel-plugin-react-compiler: "*"
    react: ^18.2.0 || 19.0.0-rc-de68d2f4-20241204 || ^19.0.0
    react-dom: ^18.2.0 || 19.0.0-rc-de68d2f4-20241204 || ^19.0.0
    sass: ^1.3.0
  dependenciesMeta:
    "@next/swc-darwin-arm64":
      optional: true
    "@next/swc-darwin-x64":
      optional: true
    "@next/swc-linux-arm64-gnu":
      optional: true
    "@next/swc-linux-arm64-musl":
      optional: true
    "@next/swc-linux-x64-gnu":
      optional: true
    "@next/swc-linux-x64-musl":
      optional: true
    "@next/swc-win32-arm64-msvc":
      optional: true
    "@next/swc-win32-x64-msvc":
      optional: true
    sharp:
      optional: true
  peerDependenciesMeta:
    "@opentelemetry/api":
      optional: true
    "@playwright/test":
      optional: true
    babel-plugin-react-compiler:
      optional: true
    sass:
      optional: true
  bin:
    next: dist/bin/next
  checksum: 10c0/9d0f26c3742fb4339b931124607f267558357f2a9cd1cde4ea7d5755cea56a2f751b5898e1babd686ae97ee1f6043c94177f1dcc9c69db50b61d27e441970dfe
  languageName: node
  linkType: hard

"pako@npm:2.1.0":
  version: 2.1.0
  resolution: "pako@npm:2.1.0"
  checksum: 10c0/8e8646581410654b50eb22a5dfd71159cae98145bd5086c9a7a816ec0370b5f72b4648d08674624b3870a521e6a3daffd6c2f7bc00fdefc7063c9d8232ff5116
  languageName: node
  linkType: hard

"picocolors@npm:^1.0.0, picocolors@npm:^1.1.1":
  version: 1.1.1
  resolution: "picocolors@npm:1.1.1"
  checksum: 10c0/e2e3e8170ab9d7c7421969adaa7e1b31434f789afb9b3f115f6b96d91945041ac3ceb02e9ec6fe6510ff036bcc0bf91e69a1772edc0b707e12b19c0f2d6bcf58
  languageName: node
  linkType: hard

"postcss@npm:8.4.31":
  version: 8.4.31
  resolution: "postcss@npm:8.4.31"
  dependencies:
    nanoid: "npm:^3.3.6"
    picocolors: "npm:^1.0.0"
    source-map-js: "npm:^1.0.2"
  checksum: 10c0/748b82e6e5fc34034dcf2ae88ea3d11fd09f69b6c50ecdd3b4a875cfc7cdca435c958b211e2cb52355422ab6fccb7d8f2f2923161d7a1b281029e4a913d59acf
  languageName: node
  linkType: hard

"postcss@npm:8.4.49":
  version: 8.4.49
  resolution: "postcss@npm:8.4.49"
  dependencies:
    nanoid: "npm:^3.3.7"
    picocolors: "npm:^1.1.1"
    source-map-js: "npm:^1.2.1"
  checksum: 10c0/f1b3f17aaf36d136f59ec373459f18129908235e65dbdc3aee5eef8eba0756106f52de5ec4682e29a2eab53eb25170e7e871b3e4b52a8f1de3d344a514306be3
  languageName: node
  linkType: hard

"postcss@npm:^8.4.41":
  version: 8.5.3
  resolution: "postcss@npm:8.5.3"
  dependencies:
    nanoid: "npm:^3.3.8"
    picocolors: "npm:^1.1.1"
    source-map-js: "npm:^1.2.1"
  checksum: 10c0/b75510d7b28c3ab728c8733dd01538314a18c52af426f199a3c9177e63eb08602a3938bfb66b62dc01350b9aed62087eabbf229af97a1659eb8d3513cec823b3
  languageName: node
  linkType: hard

"prettier-plugin-tailwindcss@npm:0.6.11":
  version: 0.6.11
  resolution: "prettier-plugin-tailwindcss@npm:0.6.11"
  peerDependencies:
    "@ianvs/prettier-plugin-sort-imports": "*"
    "@prettier/plugin-pug": "*"
    "@shopify/prettier-plugin-liquid": "*"
    "@trivago/prettier-plugin-sort-imports": "*"
    "@zackad/prettier-plugin-twig": "*"
    prettier: ^3.0
    prettier-plugin-astro: "*"
    prettier-plugin-css-order: "*"
    prettier-plugin-import-sort: "*"
    prettier-plugin-jsdoc: "*"
    prettier-plugin-marko: "*"
    prettier-plugin-multiline-arrays: "*"
    prettier-plugin-organize-attributes: "*"
    prettier-plugin-organize-imports: "*"
    prettier-plugin-sort-imports: "*"
    prettier-plugin-style-order: "*"
    prettier-plugin-svelte: "*"
  peerDependenciesMeta:
    "@ianvs/prettier-plugin-sort-imports":
      optional: true
    "@prettier/plugin-pug":
      optional: true
    "@shopify/prettier-plugin-liquid":
      optional: true
    "@trivago/prettier-plugin-sort-imports":
      optional: true
    "@zackad/prettier-plugin-twig":
      optional: true
    prettier-plugin-astro:
      optional: true
    prettier-plugin-css-order:
      optional: true
    prettier-plugin-import-sort:
      optional: true
    prettier-plugin-jsdoc:
      optional: true
    prettier-plugin-marko:
      optional: true
    prettier-plugin-multiline-arrays:
      optional: true
    prettier-plugin-organize-attributes:
      optional: true
    prettier-plugin-organize-imports:
      optional: true
    prettier-plugin-sort-imports:
      optional: true
    prettier-plugin-style-order:
      optional: true
    prettier-plugin-svelte:
      optional: true
  checksum: 10c0/e5688a86f457b4eaa682d83a86702826d2d828db4cfc153b8b1f0b8409c94530a4bde8deb3e819497ba8e4bd0eda08ed55468a41a8138f82db43d633cf332121
  languageName: node
  linkType: hard

"prettier@npm:3.3.3":
  version: 3.3.3
  resolution: "prettier@npm:3.3.3"
  bin:
    prettier: bin/prettier.cjs
  checksum: 10c0/b85828b08e7505716324e4245549b9205c0cacb25342a030ba8885aba2039a115dbcf75a0b7ca3b37bc9d101ee61fab8113fc69ca3359f2a226f1ecc07ad2e26
  languageName: node
  linkType: hard

"react-dom@npm:19.0.0":
  version: 19.0.0
  resolution: "react-dom@npm:19.0.0"
  dependencies:
    scheduler: "npm:^0.25.0"
  peerDependencies:
    react: ^19.0.0
  checksum: 10c0/a36ce7ab507b237ae2759c984cdaad4af4096d8199fb65b3815c16825e5cfeb7293da790a3fc2184b52bfba7ba3ff31c058c01947aff6fd1a3701632aabaa6a9
  languageName: node
  linkType: hard

"react@npm:19.0.0":
  version: 19.0.0
  resolution: "react@npm:19.0.0"
  checksum: 10c0/9cad8f103e8e3a16d15cb18a0d8115d8bd9f9e1ce3420310aea381eb42aa0a4f812cf047bb5441349257a05fba8a291515691e3cb51267279b2d2c3253f38471
  languageName: node
  linkType: hard

"scheduler@npm:^0.25.0":
  version: 0.25.0
  resolution: "scheduler@npm:0.25.0"
  checksum: 10c0/a4bb1da406b613ce72c1299db43759526058fdcc413999c3c3e0db8956df7633acf395cb20eb2303b6a65d658d66b6585d344460abaee8080b4aa931f10eaafe
  languageName: node
  linkType: hard

"semver@npm:^7.6.3":
  version: 7.7.1
  resolution: "semver@npm:7.7.1"
  bin:
    semver: bin/semver.js
  checksum: 10c0/fd603a6fb9c399c6054015433051bdbe7b99a940a8fb44b85c2b524c4004b023d7928d47cb22154f8d054ea7ee8597f586605e05b52047f048278e4ac56ae958
  languageName: node
  linkType: hard

"sharp@npm:0.33.5, sharp@npm:^0.33.5":
  version: 0.33.5
  resolution: "sharp@npm:0.33.5"
  dependencies:
    "@img/sharp-darwin-arm64": "npm:0.33.5"
    "@img/sharp-darwin-x64": "npm:0.33.5"
    "@img/sharp-libvips-darwin-arm64": "npm:1.0.4"
    "@img/sharp-libvips-darwin-x64": "npm:1.0.4"
    "@img/sharp-libvips-linux-arm": "npm:1.0.5"
    "@img/sharp-libvips-linux-arm64": "npm:1.0.4"
    "@img/sharp-libvips-linux-s390x": "npm:1.0.4"
    "@img/sharp-libvips-linux-x64": "npm:1.0.4"
    "@img/sharp-libvips-linuxmusl-arm64": "npm:1.0.4"
    "@img/sharp-libvips-linuxmusl-x64": "npm:1.0.4"
    "@img/sharp-linux-arm": "npm:0.33.5"
    "@img/sharp-linux-arm64": "npm:0.33.5"
    "@img/sharp-linux-s390x": "npm:0.33.5"
    "@img/sharp-linux-x64": "npm:0.33.5"
    "@img/sharp-linuxmusl-arm64": "npm:0.33.5"
    "@img/sharp-linuxmusl-x64": "npm:0.33.5"
    "@img/sharp-wasm32": "npm:0.33.5"
    "@img/sharp-win32-ia32": "npm:0.33.5"
    "@img/sharp-win32-x64": "npm:0.33.5"
    color: "npm:^4.2.3"
    detect-libc: "npm:^2.0.3"
    semver: "npm:^7.6.3"
  dependenciesMeta:
    "@img/sharp-darwin-arm64":
      optional: true
    "@img/sharp-darwin-x64":
      optional: true
    "@img/sharp-libvips-darwin-arm64":
      optional: true
    "@img/sharp-libvips-darwin-x64":
      optional: true
    "@img/sharp-libvips-linux-arm":
      optional: true
    "@img/sharp-libvips-linux-arm64":
      optional: true
    "@img/sharp-libvips-linux-s390x":
      optional: true
    "@img/sharp-libvips-linux-x64":
      optional: true
    "@img/sharp-libvips-linuxmusl-arm64":
      optional: true
    "@img/sharp-libvips-linuxmusl-x64":
      optional: true
    "@img/sharp-linux-arm":
      optional: true
    "@img/sharp-linux-arm64":
      optional: true
    "@img/sharp-linux-s390x":
      optional: true
    "@img/sharp-linux-x64":
      optional: true
    "@img/sharp-linuxmusl-arm64":
      optional: true
    "@img/sharp-linuxmusl-x64":
      optional: true
    "@img/sharp-wasm32":
      optional: true
    "@img/sharp-win32-ia32":
      optional: true
    "@img/sharp-win32-x64":
      optional: true
  checksum: 10c0/6b81421ddfe6ee524d8d77e325c5e147fef22884e1c7b1656dfd89a88d7025894115da02d5f984261bf2e6daa16f98cadd1721c4ba408b4212b1d2a60f233484
  languageName: node
  linkType: hard

"simple-swizzle@npm:^0.2.2":
  version: 0.2.2
  resolution: "simple-swizzle@npm:0.2.2"
  dependencies:
    is-arrayish: "npm:^0.3.1"
  checksum: 10c0/df5e4662a8c750bdba69af4e8263c5d96fe4cd0f9fe4bdfa3cbdeb45d2e869dff640beaaeb1ef0e99db4d8d2ec92f85508c269f50c972174851bc1ae5bd64308
  languageName: node
  linkType: hard

"source-map-js@npm:^1.0.2, source-map-js@npm:^1.2.1":
  version: 1.2.1
  resolution: "source-map-js@npm:1.2.1"
  checksum: 10c0/7bda1fc4c197e3c6ff17de1b8b2c20e60af81b63a52cb32ec5a5d67a20a7d42651e2cb34ebe93833c5a2a084377e17455854fee3e21e7925c64a51b6a52b0faf
  languageName: node
  linkType: hard

"streamsearch@npm:^1.1.0":
  version: 1.1.0
  resolution: "streamsearch@npm:1.1.0"
  checksum: 10c0/fbd9aecc2621364384d157f7e59426f4bfd385e8b424b5aaa79c83a6f5a1c8fd2e4e3289e95de1eb3511cb96bb333d6281a9919fafce760e4edb35b2cd2facab
  languageName: node
  linkType: hard

"styled-jsx@npm:5.1.6":
  version: 5.1.6
  resolution: "styled-jsx@npm:5.1.6"
  dependencies:
    client-only: "npm:0.0.1"
  peerDependencies:
    react: ">= 16.8.0 || 17.x.x || ^18.0.0-0 || ^19.0.0-0"
  peerDependenciesMeta:
    "@babel/core":
      optional: true
    babel-plugin-macros:
      optional: true
  checksum: 10c0/ace50e7ea5ae5ae6a3b65a50994c51fca6ae7df9c7ecfd0104c36be0b4b3a9c5c1a2374d16e2a11e256d0b20be6d47256d768ecb4f91ab390f60752a075780f5
  languageName: node
  linkType: hard

"tabbable@npm:^6.0.0":
  version: 6.2.0
  resolution: "tabbable@npm:6.2.0"
  checksum: 10c0/ced8b38f05f2de62cd46836d77c2646c42b8c9713f5bd265daf0e78ff5ac73d3ba48a7ca45f348bafeef29b23da7187c72250742d37627883ef89cbd7fa76898
  languageName: node
  linkType: hard

"tailwindcss@npm:4.0.8":
  version: 4.0.8
  resolution: "tailwindcss@npm:4.0.8"
  checksum: 10c0/4e7656792405fe085f788510139e37a4cd2d904c620ad90222f541f3227a64885e3423413f4748870d3480253b0f50c3ddafd70bc3acd9ec33f494c12e6278aa
  languageName: node
  linkType: hard

"tapable@npm:^2.2.0":
  version: 2.2.1
  resolution: "tapable@npm:2.2.1"
  checksum: 10c0/bc40e6efe1e554d075469cedaba69a30eeb373552aaf41caeaaa45bf56ffacc2674261b106245bd566b35d8f3329b52d838e851ee0a852120acae26e622925c9
  languageName: node
  linkType: hard

"tslib@npm:^2.4.0, tslib@npm:^2.8.0":
  version: 2.8.1
  resolution: "tslib@npm:2.8.1"
  checksum: 10c0/9c4759110a19c53f992d9aae23aac5ced636e99887b51b9e61def52611732872ff7668757d4e4c61f19691e36f4da981cd9485e869b4a7408d689f6bf1f14e62
  languageName: node
  linkType: hard

"typescript@npm:5.6.3":
  version: 5.6.3
  resolution: "typescript@npm:5.6.3"
  bin:
    tsc: bin/tsc
    tsserver: bin/tsserver
  checksum: 10c0/44f61d3fb15c35359bc60399cb8127c30bae554cd555b8e2b46d68fa79d680354b83320ad419ff1b81a0bdf324197b29affe6cc28988cd6a74d4ac60c94f9799
  languageName: node
  linkType: hard

"typescript@patch:typescript@npm%3A5.6.3#optional!builtin<compat/typescript>":
  version: 5.6.3
  resolution: "typescript@patch:typescript@npm%3A5.6.3#optional!builtin<compat/typescript>::version=5.6.3&hash=8c6c40"
  bin:
    tsc: bin/tsc
    tsserver: bin/tsserver
  checksum: 10c0/7c9d2e07c81226d60435939618c91ec2ff0b75fbfa106eec3430f0fcf93a584bc6c73176676f532d78c3594fe28a54b36eb40b3d75593071a7ec91301533ace7
  languageName: node
  linkType: hard

"undici-types@npm:~6.20.0":
  version: 6.20.0
  resolution: "undici-types@npm:6.20.0"
  checksum: 10c0/68e659a98898d6a836a9a59e6adf14a5d799707f5ea629433e025ac90d239f75e408e2e5ff086afc3cace26f8b26ee52155293564593fbb4a2f666af57fc59bf
  languageName: node
  linkType: hard

"zod@npm:3.23.8":
  version: 3.23.8
  resolution: "zod@npm:3.23.8"
  checksum: 10c0/8f14c87d6b1b53c944c25ce7a28616896319d95bc46a9660fe441adc0ed0a81253b02b5abdaeffedbeb23bdd25a0bf1c29d2c12dd919aef6447652dd295e3e69
  languageName: node
  linkType: hard

"zustand@npm:5.0.1":
  version: 5.0.1
  resolution: "zustand@npm:5.0.1"
  peerDependencies:
    "@types/react": ">=18.0.0"
    immer: ">=9.0.6"
    react: ">=18.0.0"
    use-sync-external-store: ">=1.2.0"
  peerDependenciesMeta:
    "@types/react":
      optional: true
    immer:
      optional: true
    react:
      optional: true
    use-sync-external-store:
      optional: true
  checksum: 10c0/b4239c8bf3988bfdaaed1c48f3958d0b047b721c4908a76bd78e73387d107963cda774541cf303c2ea89261481c995aa6666e7e77c30717ad440cdb499d9e5ca
  languageName: node
  linkType: hard
